
Microsoft Visual Studio Solution File, Format Version 12.00
# Visual Studio Version 17
VisualStudioVersion = 17.1.32203.90
MinimumVisualStudioVersion = 10.0.40219.1
Project("{FAE04EC0-301F-11D3-BF4B-00C04F79EFBC}") = "Lab2Kobak", "Lab2Kobak\Lab2Kobak.csproj", "{551CD7EB-3911-462B-BE47-6D343D22B7F9}"
EndProject
Global
	GlobalSection(SolutionConfigurationPlatforms) = preSolution
		Debug|Any CPU = Debug|Any CPU
		Release|Any CPU = Release|Any CPU
	EndGlobalSection
	GlobalSection(ProjectConfigurationPlatforms) = postSolution
		{551CD7EB-3911-462B-BE47-6D343D22B7F9}.Debug|Any CPU.ActiveCfg = Debug|Any CPU
		{551CD7EB-3911-462B-BE47-6D343D22B7F9}.Debug|Any CPU.Build.0 = Debug|Any CPU
		{551CD7EB-3911-462B-BE47-6D343D22B7F9}.Release|Any CPU.ActiveCfg = Release|Any CPU
		{551CD7EB-3911-462B-BE47-6D343D22B7F9}.Release|Any CPU.Build.0 = Release|Any CPU
	EndGlobalSection
	GlobalSection(SolutionProperties) = preSolution
		HideSolutionNode = FALSE
	EndGlobalSection
	GlobalSection(ExtensibilityGlobals) = postSolution
		SolutionGuid = {3B1DDCFB-8FD1-4FAC-B8F2-69ABBD4366D1}
	EndGlobalSection
EndGlobal
